
Microsoft Visual Studio Solution File, Format Version 12.00
# Visual Studio Version 17
VisualStudioVersion = 17.0.31903.59
MinimumVisualStudioVersion = 10.0.40219.1
Project("{FAE04EC0-301F-11D3-BF4B-00C04F79EFBC}") = "TestConsoleAppWithDI", "TestConsoleAppWithDI\TestConsoleAppWithDI.csproj", "{27535715-6803-4193-83A3-7E40A9CF16E9}"
EndProject
Project("{FAE04EC0-301F-11D3-BF4B-00C04F79EFBC}") = "TestConsoleAppWithDITest", "TestConsoleAppWithDITest\TestConsoleAppWithDITest.csproj", "{1034D6F4-E120-4F64-B360-4951018EAC1E}"
EndProject
Global
	GlobalSection(SolutionConfigurationPlatforms) = preSolution
		Debug|Any CPU = Debug|Any CPU
		Release|Any CPU = Release|Any CPU
	EndGlobalSection
	GlobalSection(SolutionProperties) = preSolution
		HideSolutionNode = FALSE
	EndGlobalSection
	GlobalSection(ProjectConfigurationPlatforms) = postSolution
		{27535715-6803-4193-83A3-7E40A9CF16E9}.Debug|Any CPU.ActiveCfg = Debug|Any CPU
		{27535715-6803-4193-83A3-7E40A9CF16E9}.Debug|Any CPU.Build.0 = Debug|Any CPU
		{27535715-6803-4193-83A3-7E40A9CF16E9}.Release|Any CPU.ActiveCfg = Release|Any CPU
		{27535715-6803-4193-83A3-7E40A9CF16E9}.Release|Any CPU.Build.0 = Release|Any CPU
		{1034D6F4-E120-4F64-B360-4951018EAC1E}.Debug|Any CPU.ActiveCfg = Debug|Any CPU
		{1034D6F4-E120-4F64-B360-4951018EAC1E}.Debug|Any CPU.Build.0 = Debug|Any CPU
		{1034D6F4-E120-4F64-B360-4951018EAC1E}.Release|Any CPU.ActiveCfg = Release|Any CPU
		{1034D6F4-E120-4F64-B360-4951018EAC1E}.Release|Any CPU.Build.0 = Release|Any CPU
	EndGlobalSection
EndGlobal
